<?xml version="1.0" encoding="utf-8"?>
<Project xmlns="http://schemas.microsoft.com/developer/msbuild/2003">
  <ItemGroup>
    <Filter Include="Form Files">
      <UniqueIdentifier>{99349809-55BA-4b9d-BF79-8FDBB0286EB3}</UniqueIdentifier>
      <Extensions>ui</Extensions>
      <ParseFiles>false</ParseFiles>
    </Filter>
    <Filter Include="Form Files">
      <UniqueIdentifier>{99349809-55BA-4b9d-BF79-8FDBB0286EB3}</UniqueIdentifier>
      <Extensions>ui</Extensions>
      <ParseFiles>false</ParseFiles>
    </Filter>
    <Filter Include="Generated Files">
      <UniqueIdentifier>{71ED8ED8-ACB9-4CE9-BBE1-E00B30144E11}</UniqueIdentifier>
      <Extensions>cpp;c;cxx;moc;h;def;odl;idl;res;</Extensions>
    </Filter>
    <Filter Include="Generated Files">
      <UniqueIdentifier>{71ED8ED8-ACB9-4CE9-BBE1-E00B30144E11}</UniqueIdentifier>
      <Extensions>cpp;c;cxx;moc;h;def;odl;idl;res;</Extensions>
    </Filter>
    <Filter Include="Header Files">
      <UniqueIdentifier>{93995380-89BD-4b04-88EB-625FBE52EBFB}</UniqueIdentifier>
      <Extensions>h;hpp;hxx;hm;inl;inc;xsd</Extensions>
    </Filter>
    <Filter Include="Header Files">
      <UniqueIdentifier>{93995380-89BD-4b04-88EB-625FBE52EBFB}</UniqueIdentifier>
      <Extensions>h;hpp;hxx;hm;inl;inc;xsd</Extensions>
    </Filter>
    <Filter Include="Source Files">
      <UniqueIdentifier>{4FC737F1-C7A5-4376-A066-2A32D752A2FF}</UniqueIdentifier>
      <Extensions>cpp;c;cxx;def;odl;idl;hpj;bat;asm;asmx</Extensions>
    </Filter>
    <Filter Include="Source Files">
      <UniqueIdentifier>{4FC737F1-C7A5-4376-A066-2A32D752A2FF}</UniqueIdentifier>
      <Extensions>cpp;c;cxx;def;odl;idl;hpj;bat;asm;asmx</Extensions>
    </Filter>
  </ItemGroup>
  <ItemGroup>
    <ClCompile Include="DesCrypt.cpp">
      <Filter>Source Files</Filter>
    </ClCompile>
    <ClCompile Include="content.cpp">
      <Filter>Source Files</Filter>
    </ClCompile>
    <ClCompile Include="easylogging++.cc">
      <Filter>Source Files</Filter>
    </ClCompile>
    <ClCompile Include="main.cpp">
      <Filter>Source Files</Filter>
    </ClCompile>
    <ClCompile Include="mainwindow.cpp">
      <Filter>Source Files</Filter>
    </ClCompile>
    <ClCompile Include="qaddplugin.cpp">
      <Filter>Source Files</Filter>
    </ClCompile>
    <ClCompile Include="qeditplugin.cpp">
      <Filter>Source Files</Filter>
    </ClCompile>
    <QtMoc Include="qftp.cpp">
      <Filter>Source Files</Filter>
    </QtMoc>
    <ClCompile Include="qguide.cpp">
      <Filter>Source Files</Filter>
    </ClCompile>
    <ClCompile Include="qplugin.cpp">
      <Filter>Source Files</Filter>
    </ClCompile>
    <ClCompile Include="qspy.cpp">
      <Filter>Source Files</Filter>
    </ClCompile>
    <ClCompile Include="qurlinfo.cpp">
      <Filter>Source Files</Filter>
    </ClCompile>
    <ClCompile Include="qxml.cpp">
      <Filter>Source Files</Filter>
    </ClCompile>
    <ClCompile Include="qbase.cpp">
      <Filter>Generated Files</Filter>
    </ClCompile>
  </ItemGroup>
  <ItemGroup>
    <ClInclude Include="DesCrypt.h">
      <Filter>Header Files</Filter>
    </ClInclude>
    <QtMoc Include="content.h">
      <Filter>Header Files</Filter>
    </QtMoc>
    <ClInclude Include="easylogging++.h">
      <Filter>Header Files</Filter>
    </ClInclude>
    <ClInclude Include="gloabl.h">
      <Filter>Header Files</Filter>
    </ClInclude>
    <QtMoc Include="mainwindow.h">
      <Filter>Header Files</Filter>
    </QtMoc>
    <QtMoc Include="qaddplugin.h">
      <Filter>Header Files</Filter>
    </QtMoc>
    <QtMoc Include="qeditplugin.h">
      <Filter>Header Files</Filter>
    </QtMoc>
    <QtMoc Include="qftp.h">
      <Filter>Header Files</Filter>
    </QtMoc>
    <QtMoc Include="qguide.h">
      <Filter>Header Files</Filter>
    </QtMoc>
    <QtMoc Include="qplugin.h">
      <Filter>Header Files</Filter>
    </QtMoc>
    <QtMoc Include="qspy.h">
      <Filter>Header Files</Filter>
    </QtMoc>
    <ClInclude Include="qurlinfo.h">
      <Filter>Header Files</Filter>
    </ClInclude>
    <ClInclude Include="qxml.h">
      <Filter>Header Files</Filter>
    </ClInclude>
    <ClInclude Include="qbase.h">
      <Filter>Generated Files</Filter>
    </ClInclude>
  </ItemGroup>
  <ItemGroup>
    <CustomBuild Include="debug\moc_predefs.h.cbt">
      <Filter>Generated Files</Filter>
    </CustomBuild>
    <CustomBuild Include="release\moc_predefs.h.cbt">
      <Filter>Generated Files</Filter>
    </CustomBuild>
  </ItemGroup>
  <ItemGroup>
    <QtUic Include="mainwindow.ui">
      <Filter>Form Files</Filter>
    </QtUic>
    <QtUic Include="qaddplugin.ui">
      <Filter>Form Files</Filter>
    </QtUic>
    <QtUic Include="qeditplugin.ui">
      <Filter>Form Files</Filter>
    </QtUic>
    <QtUic Include="qguide.ui">
      <Filter>Form Files</Filter>
    </QtUic>
    <QtUic Include="qplugin.ui">
      <Filter>Form Files</Filter>
    </QtUic>
    <QtUic Include="qspy.ui">
      <Filter>Form Files</Filter>
    </QtUic>
  </ItemGroup>
</Project>